{
  "version": 4,
  "terraform_version": "0.14.7",
  "serial": 884,
  "lineage": "35857c96-bd36-fb43-3113-2821a09fab31",
  "outputs": {},
  "resources": [
    {
      "mode": "managed",
      "type": "azurerm_linux_virtual_machine",
      "name": "myVM1",
      "provider": "provider[\"registry.terraform.io/hashicorp/azurerm\"]",
      "instances": [
        {
          "index_key": 0,
          "schema_version": 0,
          "attributes": {
            "additional_capabilities": [],
            "admin_password": null,
            "admin_ssh_key": [
              {
                "public_key": "ssh-rsa AAAAB3NzaC1yc2EAAAADAQABAAACAQC2t6sIRoDBK+6Fw9ko9QfB0ExuD+OTYOZeuHeLZdLFiKJl6FBJJwBda2QaiF5RlpM/0nEs0jHl798OCczDfzAYRswAlCQBgldy7bbyvmwoEqxEZCW3UTIDopFPJgKQjhUBODbiDRFxd3OQlcjh8qtgYoYO4b8Y8jY7yOez3MVsKNzfHUPpnoMFEbg+EolqKJwOEEYL9xQ9/9KyYMgMNCXvcY2EpmOKOqmne99D1scIdS2jCzSTHm+EJS6RoAjh7CPNG1Yddb+SRs5td08Nay9sssve+se9jPEXKrGGlcZlPHwwxc9BIoEL1OGLxPQ1CbhK/VPQSw5m4Gj8cHA9n0SzpomTMzTEBn1g9zq12m5DHIf6LX0H93cMX6NxNoqo8RzfGu/BKZ3QQSg/Uy/h5wM7QXgkt3ue8o8YGDb7WpZQxU08T71+Y0buUVU5H1/SC6KzW3zr0YPjDDOrLCo8mzuIUpATgE5deaO9dv5LOlKvG7PMzhG7etTsEG9STHJW1uKD9zGrYhWH9PZQTU8LI+exO7n+uSjK+szDIKcEx54YYB1mZ+gVvuVrhZLGbAUM1+iEjMZ3qhbkGyw+Zv3bE927wM6SqEeVQRZnOmx+V/ts/5h5IBTy83EaRYzsjtDZSdfKWdlATHfYkBdo6oa03JCF8YkCIvenKPxGwfZM7BqU8w== carlos.romero@BARLTM6HWVVT9\n",
                "username": "adminUsername"
              }
            ],
            "admin_username": "adminUsername",
            "allow_extension_operations": true,
            "availability_set_id": "",
            "boot_diagnostics": [
              {
                "storage_account_uri": "https://carlosstaccountcp2.blob.core.windows.net/"
              }
            ],
            "computer_name": "worker01",
            "custom_data": null,
            "dedicated_host_id": "",
            "disable_password_authentication": true,
            "encryption_at_host_enabled": false,
            "eviction_policy": "",
            "extensions_time_budget": "PT1H30M",
            "id": "/subscriptions/2a1d2567-29c6-43e5-b9b0-24b25f4ed393/resourceGroups/kubernetes_rg/providers/Microsoft.Compute/virtualMachines/worker01",
            "identity": [],
            "location": "westeurope",
            "max_bid_price": -1,
            "name": "worker01",
            "network_interface_ids": [
              "/subscriptions/2a1d2567-29c6-43e5-b9b0-24b25f4ed393/resourceGroups/kubernetes_rg/providers/Microsoft.Network/networkInterfaces/nic-worker01"
            ],
            "os_disk": [
              {
                "caching": "ReadWrite",
                "diff_disk_settings": [],
                "disk_encryption_set_id": "",
                "disk_size_gb": 30,
                "name": "worker01_disk1_8308324665c14ca08ac8ca87456060c2",
                "storage_account_type": "Standard_LRS",
                "write_accelerator_enabled": false
              }
            ],
            "plan": [
              {
                "name": "centos-8-stream-free",
                "product": "centos-8-stream-free",
                "publisher": "cognosys"
              }
            ],
            "priority": "Regular",
            "private_ip_address": "10.0.1.10",
            "private_ip_addresses": [
              "10.0.1.10"
            ],
            "provision_vm_agent": true,
            "proximity_placement_group_id": "",
            "public_ip_address": "20.229.10.148",
            "public_ip_addresses": [
              "20.229.10.148"
            ],
            "resource_group_name": "kubernetes_rg",
            "secret": [],
            "size": "Standard_B2s",
            "source_image_id": "",
            "source_image_reference": [
              {
                "offer": "centos-8-stream-free",
                "publisher": "cognosys",
                "sku": "centos-8-stream-free",
                "version": "1.2019.0810"
              }
            ],
            "tags": {
              "environment": "CP2"
            },
            "timeouts": null,
            "virtual_machine_id": "f9f75a7e-1942-494f-8235-7eb683aeb682",
            "virtual_machine_scale_set_id": "",
            "zone": ""
          },
          "sensitive_attributes": [],
          "private": "eyJlMmJmYjczMC1lY2FhLTExZTYtOGY4OC0zNDM2M2JjN2M0YzAiOnsiY3JlYXRlIjoyNzAwMDAwMDAwMDAwLCJkZWxldGUiOjI3MDAwMDAwMDAwMDAsInJlYWQiOjMwMDAwMDAwMDAwMCwidXBkYXRlIjoyNzAwMDAwMDAwMDAwfX0=",
          "dependencies": [
            "azurerm_network_interface.myNic1",
            "azurerm_public_ip.myPublicIp1",
            "azurerm_resource_group.rg",
            "azurerm_storage_account.stAccount",
            "azurerm_subnet.mySubnet",
            "azurerm_virtual_network.myNet"
          ]
        },
        {
          "index_key": 1,
          "schema_version": 0,
          "attributes": {
            "additional_capabilities": [],
            "admin_password": null,
            "admin_ssh_key": [
              {
                "public_key": "ssh-rsa AAAAB3NzaC1yc2EAAAADAQABAAACAQC2t6sIRoDBK+6Fw9ko9QfB0ExuD+OTYOZeuHeLZdLFiKJl6FBJJwBda2QaiF5RlpM/0nEs0jHl798OCczDfzAYRswAlCQBgldy7bbyvmwoEqxEZCW3UTIDopFPJgKQjhUBODbiDRFxd3OQlcjh8qtgYoYO4b8Y8jY7yOez3MVsKNzfHUPpnoMFEbg+EolqKJwOEEYL9xQ9/9KyYMgMNCXvcY2EpmOKOqmne99D1scIdS2jCzSTHm+EJS6RoAjh7CPNG1Yddb+SRs5td08Nay9sssve+se9jPEXKrGGlcZlPHwwxc9BIoEL1OGLxPQ1CbhK/VPQSw5m4Gj8cHA9n0SzpomTMzTEBn1g9zq12m5DHIf6LX0H93cMX6NxNoqo8RzfGu/BKZ3QQSg/Uy/h5wM7QXgkt3ue8o8YGDb7WpZQxU08T71+Y0buUVU5H1/SC6KzW3zr0YPjDDOrLCo8mzuIUpATgE5deaO9dv5LOlKvG7PMzhG7etTsEG9STHJW1uKD9zGrYhWH9PZQTU8LI+exO7n+uSjK+szDIKcEx54YYB1mZ+gVvuVrhZLGbAUM1+iEjMZ3qhbkGyw+Zv3bE927wM6SqEeVQRZnOmx+V/ts/5h5IBTy83EaRYzsjtDZSdfKWdlATHfYkBdo6oa03JCF8YkCIvenKPxGwfZM7BqU8w== carlos.romero@BARLTM6HWVVT9\n",
                "username": "adminUsername"
              }
            ],
            "admin_username": "adminUsername",
            "allow_extension_operations": true,
            "availability_set_id": "",
            "boot_diagnostics": [
              {
                "storage_account_uri": "https://carlosstaccountcp2.blob.core.windows.net/"
              }
            ],
            "computer_name": "worker02",
            "custom_data": null,
            "dedicated_host_id": "",
            "disable_password_authentication": true,
            "encryption_at_host_enabled": false,
            "eviction_policy": "",
            "extensions_time_budget": "PT1H30M",
            "id": "/subscriptions/2a1d2567-29c6-43e5-b9b0-24b25f4ed393/resourceGroups/kubernetes_rg/providers/Microsoft.Compute/virtualMachines/worker02",
            "identity": [],
            "location": "westeurope",
            "max_bid_price": -1,
            "name": "worker02",
            "network_interface_ids": [
              "/subscriptions/2a1d2567-29c6-43e5-b9b0-24b25f4ed393/resourceGroups/kubernetes_rg/providers/Microsoft.Network/networkInterfaces/nic-worker02"
            ],
            "os_disk": [
              {
                "caching": "ReadWrite",
                "diff_disk_settings": [],
                "disk_encryption_set_id": "",
                "disk_size_gb": 30,
                "name": "worker02_disk1_e5b3e56cac1d471ea3a0598703da8ede",
                "storage_account_type": "Standard_LRS",
                "write_accelerator_enabled": false
              }
            ],
            "plan": [
              {
                "name": "centos-8-stream-free",
                "product": "centos-8-stream-free",
                "publisher": "cognosys"
              }
            ],
            "priority": "Regular",
            "private_ip_address": "10.0.1.11",
            "private_ip_addresses": [
              "10.0.1.11"
            ],
            "provision_vm_agent": true,
            "proximity_placement_group_id": "",
            "public_ip_address": "51.124.207.186",
            "public_ip_addresses": [
              "51.124.207.186"
            ],
            "resource_group_name": "kubernetes_rg",
            "secret": [],
            "size": "Standard_B2s",
            "source_image_id": "",
            "source_image_reference": [
              {
                "offer": "centos-8-stream-free",
                "publisher": "cognosys",
                "sku": "centos-8-stream-free",
                "version": "1.2019.0810"
              }
            ],
            "tags": {
              "environment": "CP2"
            },
            "timeouts": null,
            "virtual_machine_id": "584cd391-9245-4fef-a489-8e19a04d2d3d",
            "virtual_machine_scale_set_id": "",
            "zone": ""
          },
          "sensitive_attributes": [],
          "private": "eyJlMmJmYjczMC1lY2FhLTExZTYtOGY4OC0zNDM2M2JjN2M0YzAiOnsiY3JlYXRlIjoyNzAwMDAwMDAwMDAwLCJkZWxldGUiOjI3MDAwMDAwMDAwMDAsInJlYWQiOjMwMDAwMDAwMDAwMCwidXBkYXRlIjoyNzAwMDAwMDAwMDAwfX0=",
          "dependencies": [
            "azurerm_network_interface.myNic1",
            "azurerm_public_ip.myPublicIp1",
            "azurerm_resource_group.rg",
            "azurerm_storage_account.stAccount",
            "azurerm_subnet.mySubnet",
            "azurerm_virtual_network.myNet"
          ]
        }
      ]
    },
    {
      "mode": "managed",
      "type": "azurerm_linux_virtual_machine",
      "name": "myVMmaster",
      "provider": "provider[\"registry.terraform.io/hashicorp/azurerm\"]",
      "instances": [
        {
          "schema_version": 0,
          "attributes": {
            "additional_capabilities": [],
            "admin_password": null,
            "admin_ssh_key": [
              {
                "public_key": "ssh-rsa AAAAB3NzaC1yc2EAAAADAQABAAACAQC2t6sIRoDBK+6Fw9ko9QfB0ExuD+OTYOZeuHeLZdLFiKJl6FBJJwBda2QaiF5RlpM/0nEs0jHl798OCczDfzAYRswAlCQBgldy7bbyvmwoEqxEZCW3UTIDopFPJgKQjhUBODbiDRFxd3OQlcjh8qtgYoYO4b8Y8jY7yOez3MVsKNzfHUPpnoMFEbg+EolqKJwOEEYL9xQ9/9KyYMgMNCXvcY2EpmOKOqmne99D1scIdS2jCzSTHm+EJS6RoAjh7CPNG1Yddb+SRs5td08Nay9sssve+se9jPEXKrGGlcZlPHwwxc9BIoEL1OGLxPQ1CbhK/VPQSw5m4Gj8cHA9n0SzpomTMzTEBn1g9zq12m5DHIf6LX0H93cMX6NxNoqo8RzfGu/BKZ3QQSg/Uy/h5wM7QXgkt3ue8o8YGDb7WpZQxU08T71+Y0buUVU5H1/SC6KzW3zr0YPjDDOrLCo8mzuIUpATgE5deaO9dv5LOlKvG7PMzhG7etTsEG9STHJW1uKD9zGrYhWH9PZQTU8LI+exO7n+uSjK+szDIKcEx54YYB1mZ+gVvuVrhZLGbAUM1+iEjMZ3qhbkGyw+Zv3bE927wM6SqEeVQRZnOmx+V/ts/5h5IBTy83EaRYzsjtDZSdfKWdlATHfYkBdo6oa03JCF8YkCIvenKPxGwfZM7BqU8w== carlos.romero@BARLTM6HWVVT9\n",
                "username": "adminUsername"
              }
            ],
            "admin_username": "adminUsername",
            "allow_extension_operations": true,
            "availability_set_id": "",
            "boot_diagnostics": [
              {
                "storage_account_uri": "https://carlosstaccountcp2.blob.core.windows.net/"
              }
            ],
            "computer_name": "master",
            "custom_data": null,
            "dedicated_host_id": "",
            "disable_password_authentication": true,
            "encryption_at_host_enabled": false,
            "eviction_policy": "",
            "extensions_time_budget": "PT1H30M",
            "id": "/subscriptions/2a1d2567-29c6-43e5-b9b0-24b25f4ed393/resourceGroups/kubernetes_rg/providers/Microsoft.Compute/virtualMachines/master",
            "identity": [],
            "location": "westeurope",
            "max_bid_price": -1,
            "name": "master",
            "network_interface_ids": [
              "/subscriptions/2a1d2567-29c6-43e5-b9b0-24b25f4ed393/resourceGroups/kubernetes_rg/providers/Microsoft.Network/networkInterfaces/masternic"
            ],
            "os_disk": [
              {
                "caching": "ReadWrite",
                "diff_disk_settings": [],
                "disk_encryption_set_id": "",
                "disk_size_gb": 30,
                "name": "master_disk1_3138ad48d2314492850f7d91bcd2219f",
                "storage_account_type": "Standard_LRS",
                "write_accelerator_enabled": false
              }
            ],
            "plan": [
              {
                "name": "centos-8-stream-free",
                "product": "centos-8-stream-free",
                "publisher": "cognosys"
              }
            ],
            "priority": "Regular",
            "private_ip_address": "10.0.1.55",
            "private_ip_addresses": [
              "10.0.1.55"
            ],
            "provision_vm_agent": true,
            "proximity_placement_group_id": "",
            "public_ip_address": "104.214.231.177",
            "public_ip_addresses": [
              "104.214.231.177"
            ],
            "resource_group_name": "kubernetes_rg",
            "secret": [],
            "size": "Standard_D2s_v3",
            "source_image_id": "",
            "source_image_reference": [
              {
                "offer": "centos-8-stream-free",
                "publisher": "cognosys",
                "sku": "centos-8-stream-free",
                "version": "1.2019.0810"
              }
            ],
            "tags": {
              "environment": "CP2"
            },
            "timeouts": null,
            "virtual_machine_id": "8105a842-55e2-4994-96a9-1f650b2be4ec",
            "virtual_machine_scale_set_id": "",
            "zone": ""
          },
          "sensitive_attributes": [],
          "private": "eyJlMmJmYjczMC1lY2FhLTExZTYtOGY4OC0zNDM2M2JjN2M0YzAiOnsiY3JlYXRlIjoyNzAwMDAwMDAwMDAwLCJkZWxldGUiOjI3MDAwMDAwMDAwMDAsInJlYWQiOjMwMDAwMDAwMDAwMCwidXBkYXRlIjoyNzAwMDAwMDAwMDAwfX0=",
          "dependencies": [
            "azurerm_network_interface.myNicmaster",
            "azurerm_public_ip.myPublicIpmaster",
            "azurerm_resource_group.rg",
            "azurerm_storage_account.stAccount",
            "azurerm_subnet.mySubnet",
            "azurerm_virtual_network.myNet"
          ]
        }
      ]
    },
    {
      "mode": "managed",
      "type": "azurerm_network_interface",
      "name": "myNic1",
      "provider": "provider[\"registry.terraform.io/hashicorp/azurerm\"]",
      "instances": [
        {
          "index_key": 0,
          "schema_version": 0,
          "attributes": {
            "applied_dns_servers": [],
            "dns_servers": [],
            "enable_accelerated_networking": false,
            "enable_ip_forwarding": false,
            "id": "/subscriptions/2a1d2567-29c6-43e5-b9b0-24b25f4ed393/resourceGroups/kubernetes_rg/providers/Microsoft.Network/networkInterfaces/nic-worker01",
            "internal_dns_name_label": "",
            "internal_domain_name_suffix": "kn1rua13oqnuvghgcf1mgs3xte.ax.internal.cloudapp.net",
            "ip_configuration": [
              {
                "name": "ipconf-worker01",
                "primary": true,
                "private_ip_address": "10.0.1.10",
                "private_ip_address_allocation": "Static",
                "private_ip_address_version": "IPv4",
                "public_ip_address_id": "/subscriptions/2a1d2567-29c6-43e5-b9b0-24b25f4ed393/resourceGroups/kubernetes_rg/providers/Microsoft.Network/publicIPAddresses/vmip-worker01",
                "subnet_id": "/subscriptions/2a1d2567-29c6-43e5-b9b0-24b25f4ed393/resourceGroups/kubernetes_rg/providers/Microsoft.Network/virtualNetworks/kubernetesnet/subnets/terraformsubnet"
              }
            ],
            "location": "westeurope",
            "mac_address": "",
            "name": "nic-worker01",
            "private_ip_address": "10.0.1.10",
            "private_ip_addresses": [
              "10.0.1.10"
            ],
            "resource_group_name": "kubernetes_rg",
            "tags": {
              "environment": "CP2"
            },
            "timeouts": null,
            "virtual_machine_id": ""
          },
          "sensitive_attributes": [],
          "private": "eyJlMmJmYjczMC1lY2FhLTExZTYtOGY4OC0zNDM2M2JjN2M0YzAiOnsiY3JlYXRlIjoxODAwMDAwMDAwMDAwLCJkZWxldGUiOjE4MDAwMDAwMDAwMDAsInJlYWQiOjMwMDAwMDAwMDAwMCwidXBkYXRlIjoxODAwMDAwMDAwMDAwfX0=",
          "dependencies": [
            "azurerm_public_ip.myPublicIp1",
            "azurerm_resource_group.rg",
            "azurerm_subnet.mySubnet",
            "azurerm_virtual_network.myNet"
          ]
        },
        {
          "index_key": 1,
          "schema_version": 0,
          "attributes": {
            "applied_dns_servers": [],
            "dns_servers": [],
            "enable_accelerated_networking": false,
            "enable_ip_forwarding": false,
            "id": "/subscriptions/2a1d2567-29c6-43e5-b9b0-24b25f4ed393/resourceGroups/kubernetes_rg/providers/Microsoft.Network/networkInterfaces/nic-worker02",
            "internal_dns_name_label": "",
            "internal_domain_name_suffix": "kn1rua13oqnuvghgcf1mgs3xte.ax.internal.cloudapp.net",
            "ip_configuration": [
              {
                "name": "ipconf-worker02",
                "primary": true,
                "private_ip_address": "10.0.1.11",
                "private_ip_address_allocation": "Static",
                "private_ip_address_version": "IPv4",
                "public_ip_address_id": "/subscriptions/2a1d2567-29c6-43e5-b9b0-24b25f4ed393/resourceGroups/kubernetes_rg/providers/Microsoft.Network/publicIPAddresses/vmip-worker02",
                "subnet_id": "/subscriptions/2a1d2567-29c6-43e5-b9b0-24b25f4ed393/resourceGroups/kubernetes_rg/providers/Microsoft.Network/virtualNetworks/kubernetesnet/subnets/terraformsubnet"
              }
            ],
            "location": "westeurope",
            "mac_address": "",
            "name": "nic-worker02",
            "private_ip_address": "10.0.1.11",
            "private_ip_addresses": [
              "10.0.1.11"
            ],
            "resource_group_name": "kubernetes_rg",
            "tags": {
              "environment": "CP2"
            },
            "timeouts": null,
            "virtual_machine_id": ""
          },
          "sensitive_attributes": [],
          "private": "eyJlMmJmYjczMC1lY2FhLTExZTYtOGY4OC0zNDM2M2JjN2M0YzAiOnsiY3JlYXRlIjoxODAwMDAwMDAwMDAwLCJkZWxldGUiOjE4MDAwMDAwMDAwMDAsInJlYWQiOjMwMDAwMDAwMDAwMCwidXBkYXRlIjoxODAwMDAwMDAwMDAwfX0=",
          "dependencies": [
            "azurerm_public_ip.myPublicIp1",
            "azurerm_resource_group.rg",
            "azurerm_subnet.mySubnet",
            "azurerm_virtual_network.myNet"
          ]
        }
      ]
    },
    {
      "mode": "managed",
      "type": "azurerm_network_interface",
      "name": "myNicmaster",
      "provider": "provider[\"registry.terraform.io/hashicorp/azurerm\"]",
      "instances": [
        {
          "schema_version": 0,
          "attributes": {
            "applied_dns_servers": [],
            "dns_servers": [],
            "enable_accelerated_networking": false,
            "enable_ip_forwarding": false,
            "id": "/subscriptions/2a1d2567-29c6-43e5-b9b0-24b25f4ed393/resourceGroups/kubernetes_rg/providers/Microsoft.Network/networkInterfaces/masternic",
            "internal_dns_name_label": "",
            "internal_domain_name_suffix": "kn1rua13oqnuvghgcf1mgs3xte.ax.internal.cloudapp.net",
            "ip_configuration": [
              {
                "name": "ipconf-master",
                "primary": true,
                "private_ip_address": "10.0.1.55",
                "private_ip_address_allocation": "Static",
                "private_ip_address_version": "IPv4",
                "public_ip_address_id": "/subscriptions/2a1d2567-29c6-43e5-b9b0-24b25f4ed393/resourceGroups/kubernetes_rg/providers/Microsoft.Network/publicIPAddresses/vmip-master",
                "subnet_id": "/subscriptions/2a1d2567-29c6-43e5-b9b0-24b25f4ed393/resourceGroups/kubernetes_rg/providers/Microsoft.Network/virtualNetworks/kubernetesnet/subnets/terraformsubnet"
              }
            ],
            "location": "westeurope",
            "mac_address": "",
            "name": "masternic",
            "private_ip_address": "10.0.1.55",
            "private_ip_addresses": [
              "10.0.1.55"
            ],
            "resource_group_name": "kubernetes_rg",
            "tags": {
              "environment": "CP2"
            },
            "timeouts": null,
            "virtual_machine_id": ""
          },
          "sensitive_attributes": [],
          "private": "eyJlMmJmYjczMC1lY2FhLTExZTYtOGY4OC0zNDM2M2JjN2M0YzAiOnsiY3JlYXRlIjoxODAwMDAwMDAwMDAwLCJkZWxldGUiOjE4MDAwMDAwMDAwMDAsInJlYWQiOjMwMDAwMDAwMDAwMCwidXBkYXRlIjoxODAwMDAwMDAwMDAwfX0=",
          "dependencies": [
            "azurerm_public_ip.myPublicIpmaster",
            "azurerm_resource_group.rg",
            "azurerm_subnet.mySubnet",
            "azurerm_virtual_network.myNet"
          ]
        }
      ]
    },
    {
      "mode": "managed",
      "type": "azurerm_network_interface_security_group_association",
      "name": "mySecGroupAssociation1",
      "provider": "provider[\"registry.terraform.io/hashicorp/azurerm\"]",
      "instances": [
        {
          "index_key": 0,
          "schema_version": 0,
          "attributes": {
            "id": "/subscriptions/2a1d2567-29c6-43e5-b9b0-24b25f4ed393/resourceGroups/kubernetes_rg/providers/Microsoft.Network/networkInterfaces/nic-worker01|/subscriptions/2a1d2567-29c6-43e5-b9b0-24b25f4ed393/resourceGroups/kubernetes_rg/providers/Microsoft.Network/networkSecurityGroups/sshtraffic",
            "network_interface_id": "/subscriptions/2a1d2567-29c6-43e5-b9b0-24b25f4ed393/resourceGroups/kubernetes_rg/providers/Microsoft.Network/networkInterfaces/nic-worker01",
            "network_security_group_id": "/subscriptions/2a1d2567-29c6-43e5-b9b0-24b25f4ed393/resourceGroups/kubernetes_rg/providers/Microsoft.Network/networkSecurityGroups/sshtraffic",
            "timeouts": null
          },
          "sensitive_attributes": [],
          "private": "eyJlMmJmYjczMC1lY2FhLTExZTYtOGY4OC0zNDM2M2JjN2M0YzAiOnsiY3JlYXRlIjoxODAwMDAwMDAwMDAwLCJkZWxldGUiOjE4MDAwMDAwMDAwMDAsInJlYWQiOjMwMDAwMDAwMDAwMCwidXBkYXRlIjoxODAwMDAwMDAwMDAwfX0=",
          "dependencies": [
            "azurerm_network_interface.myNic1",
            "azurerm_network_security_group.mySecGroup",
            "azurerm_public_ip.myPublicIp1",
            "azurerm_resource_group.rg",
            "azurerm_subnet.mySubnet",
            "azurerm_virtual_network.myNet"
          ]
        },
        {
          "index_key": 1,
          "schema_version": 0,
          "attributes": {
            "id": "/subscriptions/2a1d2567-29c6-43e5-b9b0-24b25f4ed393/resourceGroups/kubernetes_rg/providers/Microsoft.Network/networkInterfaces/nic-worker02|/subscriptions/2a1d2567-29c6-43e5-b9b0-24b25f4ed393/resourceGroups/kubernetes_rg/providers/Microsoft.Network/networkSecurityGroups/sshtraffic",
            "network_interface_id": "/subscriptions/2a1d2567-29c6-43e5-b9b0-24b25f4ed393/resourceGroups/kubernetes_rg/providers/Microsoft.Network/networkInterfaces/nic-worker02",
            "network_security_group_id": "/subscriptions/2a1d2567-29c6-43e5-b9b0-24b25f4ed393/resourceGroups/kubernetes_rg/providers/Microsoft.Network/networkSecurityGroups/sshtraffic",
            "timeouts": null
          },
          "sensitive_attributes": [],
          "private": "eyJlMmJmYjczMC1lY2FhLTExZTYtOGY4OC0zNDM2M2JjN2M0YzAiOnsiY3JlYXRlIjoxODAwMDAwMDAwMDAwLCJkZWxldGUiOjE4MDAwMDAwMDAwMDAsInJlYWQiOjMwMDAwMDAwMDAwMCwidXBkYXRlIjoxODAwMDAwMDAwMDAwfX0=",
          "dependencies": [
            "azurerm_network_interface.myNic1",
            "azurerm_network_security_group.mySecGroup",
            "azurerm_public_ip.myPublicIp1",
            "azurerm_resource_group.rg",
            "azurerm_subnet.mySubnet",
            "azurerm_virtual_network.myNet"
          ]
        }
      ]
    },
    {
      "mode": "managed",
      "type": "azurerm_network_security_group",
      "name": "mySecGroup",
      "provider": "provider[\"registry.terraform.io/hashicorp/azurerm\"]",
      "instances": [
        {
          "schema_version": 0,
          "attributes": {
            "id": "/subscriptions/2a1d2567-29c6-43e5-b9b0-24b25f4ed393/resourceGroups/kubernetes_rg/providers/Microsoft.Network/networkSecurityGroups/sshtraffic",
            "location": "westeurope",
            "name": "sshtraffic",
            "resource_group_name": "kubernetes_rg",
            "security_rule": [
              {
                "access": "Allow",
                "description": "",
                "destination_address_prefix": "*",
                "destination_address_prefixes": [],
                "destination_application_security_group_ids": [],
                "destination_port_range": "22",
                "destination_port_ranges": [],
                "direction": "Inbound",
                "name": "SSH",
                "priority": 1001,
                "protocol": "Tcp",
                "source_address_prefix": "*",
                "source_address_prefixes": [],
                "source_application_security_group_ids": [],
                "source_port_range": "*",
                "source_port_ranges": []
              }
            ],
            "tags": {
              "environment": "CP2"
            },
            "timeouts": null
          },
          "sensitive_attributes": [],
          "private": "eyJlMmJmYjczMC1lY2FhLTExZTYtOGY4OC0zNDM2M2JjN2M0YzAiOnsiY3JlYXRlIjoxODAwMDAwMDAwMDAwLCJkZWxldGUiOjE4MDAwMDAwMDAwMDAsInJlYWQiOjMwMDAwMDAwMDAwMCwidXBkYXRlIjoxODAwMDAwMDAwMDAwfX0=",
          "dependencies": [
            "azurerm_resource_group.rg"
          ]
        }
      ]
    },
    {
      "mode": "managed",
      "type": "azurerm_public_ip",
      "name": "myPublicIp1",
      "provider": "provider[\"registry.terraform.io/hashicorp/azurerm\"]",
      "instances": [
        {
          "index_key": 0,
          "schema_version": 0,
          "attributes": {
            "allocation_method": "Dynamic",
            "domain_name_label": null,
            "fqdn": null,
            "id": "/subscriptions/2a1d2567-29c6-43e5-b9b0-24b25f4ed393/resourceGroups/kubernetes_rg/providers/Microsoft.Network/publicIPAddresses/vmip-worker01",
            "idle_timeout_in_minutes": 4,
            "ip_address": "",
            "ip_version": "IPv4",
            "location": "westeurope",
            "name": "vmip-worker01",
            "public_ip_prefix_id": null,
            "resource_group_name": "kubernetes_rg",
            "reverse_fqdn": null,
            "sku": "Basic",
            "tags": {
              "environment": "CP2"
            },
            "timeouts": null,
            "zones": null
          },
          "sensitive_attributes": [],
          "private": "eyJlMmJmYjczMC1lY2FhLTExZTYtOGY4OC0zNDM2M2JjN2M0YzAiOnsiY3JlYXRlIjoxODAwMDAwMDAwMDAwLCJkZWxldGUiOjE4MDAwMDAwMDAwMDAsInJlYWQiOjMwMDAwMDAwMDAwMCwidXBkYXRlIjoxODAwMDAwMDAwMDAwfX0=",
          "dependencies": [
            "azurerm_resource_group.rg"
          ]
        },
        {
          "index_key": 1,
          "schema_version": 0,
          "attributes": {
            "allocation_method": "Dynamic",
            "domain_name_label": null,
            "fqdn": null,
            "id": "/subscriptions/2a1d2567-29c6-43e5-b9b0-24b25f4ed393/resourceGroups/kubernetes_rg/providers/Microsoft.Network/publicIPAddresses/vmip-worker02",
            "idle_timeout_in_minutes": 4,
            "ip_address": "",
            "ip_version": "IPv4",
            "location": "westeurope",
            "name": "vmip-worker02",
            "public_ip_prefix_id": null,
            "resource_group_name": "kubernetes_rg",
            "reverse_fqdn": null,
            "sku": "Basic",
            "tags": {
              "environment": "CP2"
            },
            "timeouts": null,
            "zones": null
          },
          "sensitive_attributes": [],
          "private": "eyJlMmJmYjczMC1lY2FhLTExZTYtOGY4OC0zNDM2M2JjN2M0YzAiOnsiY3JlYXRlIjoxODAwMDAwMDAwMDAwLCJkZWxldGUiOjE4MDAwMDAwMDAwMDAsInJlYWQiOjMwMDAwMDAwMDAwMCwidXBkYXRlIjoxODAwMDAwMDAwMDAwfX0=",
          "dependencies": [
            "azurerm_resource_group.rg"
          ]
        }
      ]
    },
    {
      "mode": "managed",
      "type": "azurerm_public_ip",
      "name": "myPublicIpmaster",
      "provider": "provider[\"registry.terraform.io/hashicorp/azurerm\"]",
      "instances": [
        {
          "schema_version": 0,
          "attributes": {
            "allocation_method": "Dynamic",
            "domain_name_label": null,
            "fqdn": null,
            "id": "/subscriptions/2a1d2567-29c6-43e5-b9b0-24b25f4ed393/resourceGroups/kubernetes_rg/providers/Microsoft.Network/publicIPAddresses/vmip-master",
            "idle_timeout_in_minutes": 4,
            "ip_address": "",
            "ip_version": "IPv4",
            "location": "westeurope",
            "name": "vmip-master",
            "public_ip_prefix_id": null,
            "resource_group_name": "kubernetes_rg",
            "reverse_fqdn": null,
            "sku": "Basic",
            "tags": {
              "environment": "CP2"
            },
            "timeouts": null,
            "zones": null
          },
          "sensitive_attributes": [],
          "private": "eyJlMmJmYjczMC1lY2FhLTExZTYtOGY4OC0zNDM2M2JjN2M0YzAiOnsiY3JlYXRlIjoxODAwMDAwMDAwMDAwLCJkZWxldGUiOjE4MDAwMDAwMDAwMDAsInJlYWQiOjMwMDAwMDAwMDAwMCwidXBkYXRlIjoxODAwMDAwMDAwMDAwfX0=",
          "dependencies": [
            "azurerm_resource_group.rg"
          ]
        }
      ]
    },
    {
      "mode": "managed",
      "type": "azurerm_resource_group",
      "name": "rg",
      "provider": "provider[\"registry.terraform.io/hashicorp/azurerm\"]",
      "instances": [
        {
          "schema_version": 0,
          "attributes": {
            "id": "/subscriptions/2a1d2567-29c6-43e5-b9b0-24b25f4ed393/resourceGroups/kubernetes_rg",
            "location": "westeurope",
            "name": "kubernetes_rg",
            "tags": {
              "environment": "CP2"
            },
            "timeouts": null
          },
          "sensitive_attributes": [],
          "private": "eyJlMmJmYjczMC1lY2FhLTExZTYtOGY4OC0zNDM2M2JjN2M0YzAiOnsiY3JlYXRlIjo1NDAwMDAwMDAwMDAwLCJkZWxldGUiOjU0MDAwMDAwMDAwMDAsInJlYWQiOjMwMDAwMDAwMDAwMCwidXBkYXRlIjo1NDAwMDAwMDAwMDAwfX0="
        }
      ]
    },
    {
      "mode": "managed",
      "type": "azurerm_storage_account",
      "name": "stAccount",
      "provider": "provider[\"registry.terraform.io/hashicorp/azurerm\"]",
      "instances": [
        {
          "schema_version": 2,
          "attributes": {
            "access_tier": "Hot",
            "account_kind": "StorageV2",
            "account_replication_type": "LRS",
            "account_tier": "Standard",
            "allow_blob_public_access": false,
            "blob_properties": [],
            "custom_domain": [],
            "enable_https_traffic_only": true,
            "id": "/subscriptions/2a1d2567-29c6-43e5-b9b0-24b25f4ed393/resourceGroups/kubernetes_rg/providers/Microsoft.Storage/storageAccounts/carlosstaccountcp2",
            "identity": [],
            "is_hns_enabled": false,
            "large_file_share_enabled": null,
            "location": "westeurope",
            "min_tls_version": "TLS1_0",
            "name": "carlosstaccountcp2",
            "network_rules": [
              {
                "bypass": [
                  "AzureServices"
                ],
                "default_action": "Allow",
                "ip_rules": [],
                "virtual_network_subnet_ids": []
              }
            ],
            "primary_access_key": "afP8zkWANzZ5At6vtE+q4b1gYiDbC/JtuNiD/AjzeObbcfy0Gnny8I9W2/HP9i/pF49mWQE8J+CMfRjo8U9MHQ==",
            "primary_blob_connection_string": "DefaultEndpointsProtocol=https;BlobEndpoint=https://carlosstaccountcp2.blob.core.windows.net/;AccountName=carlosstaccountcp2;AccountKey=afP8zkWANzZ5At6vtE+q4b1gYiDbC/JtuNiD/AjzeObbcfy0Gnny8I9W2/HP9i/pF49mWQE8J+CMfRjo8U9MHQ==",
            "primary_blob_endpoint": "https://carlosstaccountcp2.blob.core.windows.net/",
            "primary_blob_host": "carlosstaccountcp2.blob.core.windows.net",
            "primary_connection_string": "DefaultEndpointsProtocol=https;AccountName=carlosstaccountcp2;AccountKey=afP8zkWANzZ5At6vtE+q4b1gYiDbC/JtuNiD/AjzeObbcfy0Gnny8I9W2/HP9i/pF49mWQE8J+CMfRjo8U9MHQ==;EndpointSuffix=core.windows.net",
            "primary_dfs_endpoint": "https://carlosstaccountcp2.dfs.core.windows.net/",
            "primary_dfs_host": "carlosstaccountcp2.dfs.core.windows.net",
            "primary_file_endpoint": "https://carlosstaccountcp2.file.core.windows.net/",
            "primary_file_host": "carlosstaccountcp2.file.core.windows.net",
            "primary_location": "westeurope",
            "primary_queue_endpoint": "https://carlosstaccountcp2.queue.core.windows.net/",
            "primary_queue_host": "carlosstaccountcp2.queue.core.windows.net",
            "primary_table_endpoint": "https://carlosstaccountcp2.table.core.windows.net/",
            "primary_table_host": "carlosstaccountcp2.table.core.windows.net",
            "primary_web_endpoint": "https://carlosstaccountcp2.z6.web.core.windows.net/",
            "primary_web_host": "carlosstaccountcp2.z6.web.core.windows.net",
            "queue_properties": [
              {
                "cors_rule": [],
                "hour_metrics": [
                  {
                    "enabled": true,
                    "include_apis": true,
                    "retention_policy_days": 7,
                    "version": "1.0"
                  }
                ],
                "logging": [
                  {
                    "delete": false,
                    "read": false,
                    "retention_policy_days": 0,
                    "version": "1.0",
                    "write": false
                  }
                ],
                "minute_metrics": [
                  {
                    "enabled": false,
                    "include_apis": false,
                    "retention_policy_days": 0,
                    "version": "1.0"
                  }
                ]
              }
            ],
            "resource_group_name": "kubernetes_rg",
            "secondary_access_key": "lqyROX41zEqgiKsydQAgtKbCAKXt5YhxXnYuul8Q6M+4saTAIxLEvYpExEuY2E9IW8bCM28RZPTWB0ZZlYecqA==",
            "secondary_blob_connection_string": "",
            "secondary_blob_endpoint": null,
            "secondary_blob_host": null,
            "secondary_connection_string": "DefaultEndpointsProtocol=https;AccountName=carlosstaccountcp2;AccountKey=lqyROX41zEqgiKsydQAgtKbCAKXt5YhxXnYuul8Q6M+4saTAIxLEvYpExEuY2E9IW8bCM28RZPTWB0ZZlYecqA==;EndpointSuffix=core.windows.net",
            "secondary_dfs_endpoint": null,
            "secondary_dfs_host": null,
            "secondary_file_endpoint": null,
            "secondary_file_host": null,
            "secondary_location": "",
            "secondary_queue_endpoint": null,
            "secondary_queue_host": null,
            "secondary_table_endpoint": null,
            "secondary_table_host": null,
            "secondary_web_endpoint": null,
            "secondary_web_host": null,
            "static_website": [],
            "tags": {
              "environment": "CP2"
            },
            "timeouts": null
          },
          "sensitive_attributes": [],
          "private": "eyJlMmJmYjczMC1lY2FhLTExZTYtOGY4OC0zNDM2M2JjN2M0YzAiOnsiY3JlYXRlIjozNjAwMDAwMDAwMDAwLCJkZWxldGUiOjM2MDAwMDAwMDAwMDAsInJlYWQiOjMwMDAwMDAwMDAwMCwidXBkYXRlIjozNjAwMDAwMDAwMDAwfSwic2NoZW1hX3ZlcnNpb24iOiIyIn0=",
          "dependencies": [
            "azurerm_resource_group.rg"
          ]
        }
      ]
    },
    {
      "mode": "managed",
      "type": "azurerm_subnet",
      "name": "mySubnet",
      "provider": "provider[\"registry.terraform.io/hashicorp/azurerm\"]",
      "instances": [
        {
          "schema_version": 0,
          "attributes": {
            "address_prefix": "10.0.1.0/24",
            "address_prefixes": [
              "10.0.1.0/24"
            ],
            "delegation": [],
            "enforce_private_link_endpoint_network_policies": false,
            "enforce_private_link_service_network_policies": false,
            "id": "/subscriptions/2a1d2567-29c6-43e5-b9b0-24b25f4ed393/resourceGroups/kubernetes_rg/providers/Microsoft.Network/virtualNetworks/kubernetesnet/subnets/terraformsubnet",
            "name": "terraformsubnet",
            "resource_group_name": "kubernetes_rg",
            "service_endpoint_policy_ids": null,
            "service_endpoints": null,
            "timeouts": null,
            "virtual_network_name": "kubernetesnet"
          },
          "sensitive_attributes": [],
          "private": "eyJlMmJmYjczMC1lY2FhLTExZTYtOGY4OC0zNDM2M2JjN2M0YzAiOnsiY3JlYXRlIjoxODAwMDAwMDAwMDAwLCJkZWxldGUiOjE4MDAwMDAwMDAwMDAsInJlYWQiOjMwMDAwMDAwMDAwMCwidXBkYXRlIjoxODAwMDAwMDAwMDAwfX0=",
          "dependencies": [
            "azurerm_resource_group.rg",
            "azurerm_virtual_network.myNet"
          ]
        }
      ]
    },
    {
      "mode": "managed",
      "type": "azurerm_virtual_network",
      "name": "myNet",
      "provider": "provider[\"registry.terraform.io/hashicorp/azurerm\"]",
      "instances": [
        {
          "schema_version": 0,
          "attributes": {
            "address_space": [
              "10.0.0.0/16"
            ],
            "bgp_community": "",
            "ddos_protection_plan": [],
            "dns_servers": null,
            "guid": "031a7753-747d-4a1b-98e6-1176c34bb79c",
            "id": "/subscriptions/2a1d2567-29c6-43e5-b9b0-24b25f4ed393/resourceGroups/kubernetes_rg/providers/Microsoft.Network/virtualNetworks/kubernetesnet",
            "location": "westeurope",
            "name": "kubernetesnet",
            "resource_group_name": "kubernetes_rg",
            "subnet": [],
            "tags": {
              "environment": "CP2"
            },
            "timeouts": null,
            "vm_protection_enabled": false
          },
          "sensitive_attributes": [],
          "private": "eyJlMmJmYjczMC1lY2FhLTExZTYtOGY4OC0zNDM2M2JjN2M0YzAiOnsiY3JlYXRlIjoxODAwMDAwMDAwMDAwLCJkZWxldGUiOjE4MDAwMDAwMDAwMDAsInJlYWQiOjMwMDAwMDAwMDAwMCwidXBkYXRlIjoxODAwMDAwMDAwMDAwfX0=",
          "dependencies": [
            "azurerm_resource_group.rg"
          ]
        }
      ]
    }
  ]
}
