{
  "version": 4,
  "terraform_version": "0.14.7",
  "serial": 1066,
  "lineage": "35857c96-bd36-fb43-3113-2821a09fab31",
  "outputs": {},
  "resources": [
    {
      "mode": "managed",
      "type": "azurerm_network_interface",
      "name": "myNicmaster",
      "provider": "provider[\"registry.terraform.io/hashicorp/azurerm\"]",
      "instances": [
        {
          "schema_version": 0,
          "attributes": {
            "applied_dns_servers": [],
            "dns_servers": [],
            "enable_accelerated_networking": false,
            "enable_ip_forwarding": false,
            "id": "/subscriptions/2a1d2567-29c6-43e5-b9b0-24b25f4ed393/resourceGroups/kubernetes_rg/providers/Microsoft.Network/networkInterfaces/masternic",
            "internal_dns_name_label": "",
            "internal_domain_name_suffix": "rl4n40pswq4erp21bupnniz4hh.ax.internal.cloudapp.net",
            "ip_configuration": [
              {
                "name": "ipconf-master",
                "primary": true,
                "private_ip_address": "10.0.1.55",
                "private_ip_address_allocation": "Static",
                "private_ip_address_version": "IPv4",
                "public_ip_address_id": "/subscriptions/2a1d2567-29c6-43e5-b9b0-24b25f4ed393/resourceGroups/kubernetes_rg/providers/Microsoft.Network/publicIPAddresses/vmip-master",
                "subnet_id": "/subscriptions/2a1d2567-29c6-43e5-b9b0-24b25f4ed393/resourceGroups/kubernetes_rg/providers/Microsoft.Network/virtualNetworks/kubernetesnet/subnets/terraformsubnet"
              }
            ],
            "location": "westeurope",
            "mac_address": "",
            "name": "masternic",
            "private_ip_address": "10.0.1.55",
            "private_ip_addresses": [
              "10.0.1.55"
            ],
            "resource_group_name": "kubernetes_rg",
            "tags": {
              "environment": "CP2"
            },
            "timeouts": null,
            "virtual_machine_id": ""
          },
          "sensitive_attributes": []
        }
      ]
    },
    {
      "mode": "managed",
      "type": "azurerm_public_ip",
      "name": "myPublicIpmaster",
      "provider": "provider[\"registry.terraform.io/hashicorp/azurerm\"]",
      "instances": [
        {
          "schema_version": 0,
          "attributes": {
            "allocation_method": "Dynamic",
            "domain_name_label": null,
            "fqdn": null,
            "id": "/subscriptions/2a1d2567-29c6-43e5-b9b0-24b25f4ed393/resourceGroups/kubernetes_rg/providers/Microsoft.Network/publicIPAddresses/vmip-master",
            "idle_timeout_in_minutes": 4,
            "ip_address": "",
            "ip_version": "IPv4",
            "location": "westeurope",
            "name": "vmip-master",
            "public_ip_prefix_id": null,
            "resource_group_name": "kubernetes_rg",
            "reverse_fqdn": null,
            "sku": "Basic",
            "tags": {
              "environment": "CP2"
            },
            "timeouts": null,
            "zones": null
          },
          "sensitive_attributes": [],
          "private": "eyJlMmJmYjczMC1lY2FhLTExZTYtOGY4OC0zNDM2M2JjN2M0YzAiOnsiY3JlYXRlIjoxODAwMDAwMDAwMDAwLCJkZWxldGUiOjE4MDAwMDAwMDAwMDAsInJlYWQiOjMwMDAwMDAwMDAwMCwidXBkYXRlIjoxODAwMDAwMDAwMDAwfX0=",
          "dependencies": [
            "azurerm_resource_group.rg"
          ]
        }
      ]
    },
    {
      "mode": "managed",
      "type": "azurerm_resource_group",
      "name": "rg",
      "provider": "provider[\"registry.terraform.io/hashicorp/azurerm\"]",
      "instances": [
        {
          "schema_version": 0,
          "attributes": {
            "id": "/subscriptions/2a1d2567-29c6-43e5-b9b0-24b25f4ed393/resourceGroups/kubernetes_rg",
            "location": "westeurope",
            "name": "kubernetes_rg",
            "tags": {
              "environment": "CP2"
            },
            "timeouts": null
          },
          "sensitive_attributes": [],
          "private": "eyJlMmJmYjczMC1lY2FhLTExZTYtOGY4OC0zNDM2M2JjN2M0YzAiOnsiY3JlYXRlIjo1NDAwMDAwMDAwMDAwLCJkZWxldGUiOjU0MDAwMDAwMDAwMDAsInJlYWQiOjMwMDAwMDAwMDAwMCwidXBkYXRlIjo1NDAwMDAwMDAwMDAwfX0="
        }
      ]
    },
    {
      "mode": "managed",
      "type": "azurerm_subnet",
      "name": "mySubnet",
      "provider": "provider[\"registry.terraform.io/hashicorp/azurerm\"]",
      "instances": [
        {
          "schema_version": 0,
          "attributes": {
            "address_prefix": "10.0.1.0/24",
            "address_prefixes": [
              "10.0.1.0/24"
            ],
            "delegation": [],
            "enforce_private_link_endpoint_network_policies": false,
            "enforce_private_link_service_network_policies": false,
            "id": "/subscriptions/2a1d2567-29c6-43e5-b9b0-24b25f4ed393/resourceGroups/kubernetes_rg/providers/Microsoft.Network/virtualNetworks/kubernetesnet/subnets/terraformsubnet",
            "name": "terraformsubnet",
            "resource_group_name": "kubernetes_rg",
            "service_endpoint_policy_ids": null,
            "service_endpoints": null,
            "timeouts": null,
            "virtual_network_name": "kubernetesnet"
          },
          "sensitive_attributes": [],
          "private": "eyJlMmJmYjczMC1lY2FhLTExZTYtOGY4OC0zNDM2M2JjN2M0YzAiOnsiY3JlYXRlIjoxODAwMDAwMDAwMDAwLCJkZWxldGUiOjE4MDAwMDAwMDAwMDAsInJlYWQiOjMwMDAwMDAwMDAwMCwidXBkYXRlIjoxODAwMDAwMDAwMDAwfX0=",
          "dependencies": [
            "azurerm_resource_group.rg",
            "azurerm_virtual_network.myNet"
          ]
        }
      ]
    },
    {
      "mode": "managed",
      "type": "azurerm_virtual_network",
      "name": "myNet",
      "provider": "provider[\"registry.terraform.io/hashicorp/azurerm\"]",
      "instances": [
        {
          "schema_version": 0,
          "attributes": {
            "address_space": [
              "10.0.0.0/16"
            ],
            "bgp_community": "",
            "ddos_protection_plan": [],
            "dns_servers": null,
            "guid": "69dffc8a-b4f2-483c-bf9b-0d1ed6a33e3f",
            "id": "/subscriptions/2a1d2567-29c6-43e5-b9b0-24b25f4ed393/resourceGroups/kubernetes_rg/providers/Microsoft.Network/virtualNetworks/kubernetesnet",
            "location": "westeurope",
            "name": "kubernetesnet",
            "resource_group_name": "kubernetes_rg",
            "subnet": [],
            "tags": {
              "environment": "CP2"
            },
            "timeouts": null,
            "vm_protection_enabled": false
          },
          "sensitive_attributes": [],
          "private": "eyJlMmJmYjczMC1lY2FhLTExZTYtOGY4OC0zNDM2M2JjN2M0YzAiOnsiY3JlYXRlIjoxODAwMDAwMDAwMDAwLCJkZWxldGUiOjE4MDAwMDAwMDAwMDAsInJlYWQiOjMwMDAwMDAwMDAwMCwidXBkYXRlIjoxODAwMDAwMDAwMDAwfX0=",
          "dependencies": [
            "azurerm_resource_group.rg"
          ]
        }
      ]
    }
  ]
}
